
Microsoft Visual Studio Solution File, Format Version 12.00
# Visual Studio 15
VisualStudioVersion = 15.0.28307.489
MinimumVisualStudioVersion = 10.0.40219.1
Project("{FAE04EC0-301F-11D3-BF4B-00C04F79EFBC}") = "MonteCarlo Calculate Pi", "MonteCarlo Calculate Pi\MonteCarlo Calculate Pi.csproj", "{10895C7C-50F2-41A7-A914-2B0FC4585379}"
EndProject
Global
	GlobalSection(SolutionConfigurationPlatforms) = preSolution
		Debug|Any CPU = Debug|Any CPU
		Release|Any CPU = Release|Any CPU
	EndGlobalSection
	GlobalSection(ProjectConfigurationPlatforms) = postSolution
		{10895C7C-50F2-41A7-A914-2B0FC4585379}.Debug|Any CPU.ActiveCfg = Debug|Any CPU
		{10895C7C-50F2-41A7-A914-2B0FC4585379}.Debug|Any CPU.Build.0 = Debug|Any CPU
		{10895C7C-50F2-41A7-A914-2B0FC4585379}.Release|Any CPU.ActiveCfg = Release|Any CPU
		{10895C7C-50F2-41A7-A914-2B0FC4585379}.Release|Any CPU.Build.0 = Release|Any CPU
	EndGlobalSection
	GlobalSection(SolutionProperties) = preSolution
		HideSolutionNode = FALSE
	EndGlobalSection
	GlobalSection(ExtensibilityGlobals) = postSolution
		SolutionGuid = {DD204B4C-D2C5-46B5-9F17-083CFB3A6E51}
	EndGlobalSection
EndGlobal
